github.com/dqn/godl v0.0.0-20200504151700-c4604ccd729b h1:wnYEKGPbHUIa/linK5zF9pgSV46J14e3oK+rQ2xtbXA=
github.com/dqn/godl v0.0.0-20200504151700-c4604ccd729b/go.mod h1:PuVbJGHLCqeSO7hp+bvKLN+Y2YefujewAqEAOgKsJVM=
github.com/dqn/ytvi v0.0.0-20200606201819-626a010ddfd8 h1:csGyn1Qj8G8ZXyyFUvQEBuIbKigfp5FdGPjzdFNYquA=
github.com/dqn/ytvi v0.0.0-20200606201819-626a010ddfd8/go.mod h1:tk1w6fTDvESH7K6RsqTsPsjB+WD/pp/hVFg6zpqiHVE=
